<?xml version="1.0" encoding="UTF-8"?>
<Scheme
   LastUpgradeVersion = "0820"
   version = "1.3">
   <BuildAction
      parallelizeBuildables = "YES"
      buildImplicitDependencies = "YES">
      <BuildActionEntries>
         <BuildActionEntry
            buildForTesting = "YES"
            buildForRunning = "YES"
            buildForProfiling = "YES"
            buildForArchiving = "YES"
            buildForAnalyzing = "YES">
            <BuildableReference
               BuildableIdentifier = "primary"
               BlueprintIdentifier = "F00B09DA1EF120DB00B959EC"
               BuildableName = "ejer12_lanzar_segundo_acti_con_parametros_xcode.app"
               BlueprintName = "ejer12_lanzar_segundo_acti_con_parametros_xcode"
               ReferencedContainer = "container:ejer12_lanzar_segundo_acti_con_parametros_xcode.xcodeproj">
            </BuildableReference>
         </BuildActionEntry>
      </BuildActionEntries>
   </BuildAction>
   <TestAction
      buildConfiguration = "Debug"
      selectedDebuggerIdentifier = "Xcode.DebuggerFoundation.Debugger.LLDB"
      selectedLauncherIdentifier = "Xcode.DebuggerFoundation.Launcher.LLDB"
      shouldUseLaunchSchemeArgsEnv = "YES">
      <Testables>
         <TestableReference
            skipped = "NO">
            <BuildableReference
               BuildableIdentifier = "primary"
               BlueprintIdentifier = "F00B09EE1EF120DB00B959EC"
               BuildableName = "ejer12_lanzar_segundo_acti_con_parametros_xcodeTests.xctest"
               BlueprintName = "ejer12_lanzar_segundo_acti_con_parametros_xcodeTests"
               ReferencedContainer = "container:ejer12_lanzar_segundo_acti_con_parametros_xcode.xcodeproj">
            </BuildableReference>
         </TestableReference>
         <TestableReference
            skipped = "NO">
            <BuildableReference
               BuildableIdentifier = "primary"
               BlueprintIdentifier = "F00B09F91EF120DB00B959EC"
               BuildableName = "ejer12_lanzar_segundo_acti_con_parametros_xcodeUITests.xctest"
               BlueprintName = "ejer12_lanzar_segundo_acti_con_parametros_xcodeUITests"
               ReferencedContainer = "container:ejer12_lanzar_segundo_acti_con_parametros_xcode.xcodeproj">
            </BuildableReference>
         </TestableReference>
      </Testables>
      <MacroExpansion>
         <BuildableReference
            BuildableIdentifier = "primary"
            BlueprintIdentifier = "F00B09DA1EF120DB00B959EC"
            BuildableName = "ejer12_lanzar_segundo_acti_con_parametros_xcode.app"
            BlueprintName = "ejer12_lanzar_segundo_acti_con_parametros_xcode"
            ReferencedContainer = "container:ejer12_lanzar_segundo_acti_con_parametros_xcode.xcodeproj">
         </BuildableReference>
      </MacroExpansion>
      <AdditionalOptions>
      </AdditionalOptions>
   </TestAction>
   <LaunchAction
      buildConfiguration = "Debug"
      selectedDebuggerIdentifier = "Xcode.DebuggerFoundation.Debugger.LLDB"
      selectedLauncherIdentifier = "Xcode.DebuggerFoundation.Launcher.LLDB"
      launchStyle = "0"
      useCustomWorkingDirectory = "NO"
      ignoresPersistentStateOnLaunch = "NO"
      debugDocumentVersioning = "YES"
      debugServiceExtension = "internal"
      allowLocationSimulation = "YES">
      <BuildableProductRunnable
         runnableDebuggingMode = "0">
         <BuildableReference
            BuildableIdentifier = "primary"
            BlueprintIdentifier = "F00B09DA1EF120DB00B959EC"
            BuildableName = "ejer12_lanzar_segundo_acti_con_parametros_xcode.app"
            BlueprintName = "ejer12_lanzar_segundo_acti_con_parametros_xcode"
            ReferencedContainer = "container:ejer12_lanzar_segundo_acti_con_parametros_xcode.xcodeproj">
         </BuildableReference>
      </BuildableProductRunnable>
      <AdditionalOptions>
      </AdditionalOptions>
   </LaunchAction>
   <ProfileAction
      buildConfiguration = "Release"
      shouldUseLaunchSchemeArgsEnv = "YES"
      savedToolIdentifier = ""
      useCustomWorkingDirectory = "NO"
      debugDocumentVersioning = "YES">
      <BuildableProductRunnable
         runnableDebuggingMode = "0">
         <BuildableReference
            BuildableIdentifier = "primary"
            BlueprintIdentifier = "F00B09DA1EF120DB00B959EC"
            BuildableName = "ejer12_lanzar_segundo_acti_con_parametros_xcode.app"
            BlueprintName = "ejer12_lanzar_segundo_acti_con_parametros_xcode"
            ReferencedContainer = "container:ejer12_lanzar_segundo_acti_con_parametros_xcode.xcodeproj">
         </BuildableReference>
      </BuildableProductRunnable>
   </ProfileAction>
   <AnalyzeAction
      buildConfiguration = "Debug">
   </AnalyzeAction>
   <ArchiveAction
      buildConfiguration = "Release"
      revealArchiveInOrganizer = "YES">
   </ArchiveAction>
</Scheme>
